
Microsoft Visual Studio Solution File, Format Version 10.00
# Visual Studio 2008
Project("{FAE04EC0-301F-11D3-BF4B-00C04F79EFBC}") = "LAY3-R", "LAY3-R\LAY3-R.csproj", "{8EE9394E-51CE-4DDB-8DCE-5DBA15F85408}"
	ProjectSection(ProjectDependencies) = postProject
		{0B86A10B-74AA-488C-A7CB-DC6989095031} = {0B86A10B-74AA-488C-A7CB-DC6989095031}
	EndProjectSection
EndProject
Project("{FAE04EC0-301F-11D3-BF4B-00C04F79EFBC}") = "Uninstall", "Uninstall\Uninstall.csproj", "{E9F0ECCF-4C12-4BD4-B8BC-282F7E9C5A39}"
EndProject
Project("{FAE04EC0-301F-11D3-BF4B-00C04F79EFBC}") = "ICDR_EDGE", "ICDR_EDGE\ICDR_EDGE.csproj", "{0B86A10B-74AA-488C-A7CB-DC6989095031}"
EndProject
Project("{FAE04EC0-301F-11D3-BF4B-00C04F79EFBC}") = "CDR-E", "CDR-E\CDR-E.csproj", "{4FA4F8E5-5C06-4F7C-B892-4911D3585CC5}"
EndProject
Project("{54435603-DBB4-11D2-8724-00A0C9A8B90C}") = "Setup1", "Setup1\Setup1.vdproj", "{FE5970CB-7A01-4336-A3E9-25A86E3B2095}"
EndProject
Global
	GlobalSection(SolutionConfigurationPlatforms) = preSolution
		Debug|Any CPU = Debug|Any CPU
		Release|Any CPU = Release|Any CPU
	EndGlobalSection
	GlobalSection(ProjectConfigurationPlatforms) = postSolution
		{8EE9394E-51CE-4DDB-8DCE-5DBA15F85408}.Debug|Any CPU.ActiveCfg = Debug|Any CPU
		{8EE9394E-51CE-4DDB-8DCE-5DBA15F85408}.Debug|Any CPU.Build.0 = Debug|Any CPU
		{8EE9394E-51CE-4DDB-8DCE-5DBA15F85408}.Release|Any CPU.ActiveCfg = Release|Any CPU
		{E9F0ECCF-4C12-4BD4-B8BC-282F7E9C5A39}.Debug|Any CPU.ActiveCfg = Debug|Any CPU
		{E9F0ECCF-4C12-4BD4-B8BC-282F7E9C5A39}.Debug|Any CPU.Build.0 = Debug|Any CPU
		{E9F0ECCF-4C12-4BD4-B8BC-282F7E9C5A39}.Release|Any CPU.ActiveCfg = Release|Any CPU
		{0B86A10B-74AA-488C-A7CB-DC6989095031}.Debug|Any CPU.ActiveCfg = Debug|Any CPU
		{0B86A10B-74AA-488C-A7CB-DC6989095031}.Debug|Any CPU.Build.0 = Debug|Any CPU
		{0B86A10B-74AA-488C-A7CB-DC6989095031}.Release|Any CPU.ActiveCfg = Release|Any CPU
		{0B86A10B-74AA-488C-A7CB-DC6989095031}.Release|Any CPU.Build.0 = Release|Any CPU
		{4FA4F8E5-5C06-4F7C-B892-4911D3585CC5}.Debug|Any CPU.ActiveCfg = Debug|Any CPU
		{4FA4F8E5-5C06-4F7C-B892-4911D3585CC5}.Debug|Any CPU.Build.0 = Debug|Any CPU
		{4FA4F8E5-5C06-4F7C-B892-4911D3585CC5}.Release|Any CPU.ActiveCfg = Release|Any CPU
		{4FA4F8E5-5C06-4F7C-B892-4911D3585CC5}.Release|Any CPU.Build.0 = Release|Any CPU
		{FE5970CB-7A01-4336-A3E9-25A86E3B2095}.Debug|Any CPU.ActiveCfg = Debug
		{FE5970CB-7A01-4336-A3E9-25A86E3B2095}.Release|Any CPU.ActiveCfg = Release
	EndGlobalSection
	GlobalSection(SolutionProperties) = preSolution
		HideSolutionNode = FALSE
	EndGlobalSection
EndGlobal
